// !$*UTF8*$!
{
	archiveVersion = 1;
	classes = {
	};
	objectVersion = 44;
	objects = {

/* Begin PBXAggregateTarget section */
		BC479CAA1049619C00092001 /* Distro */ = {
			isa = PBXAggregateTarget;
			buildConfigurationList = BC479CB3104961BA00092001 /* Build configuration list for PBXAggregateTarget "Distro" */;
			buildPhases = (
				BC479CA91049619C00092001 /* Run "distro.sh" script */,
			);
			dependencies = (
				BC479CAE104961AD00092001 /* PBXTargetDependency */,
			);
			name = Distro;
			productName = Distro;
		};
		BCE5F8B00C5B7E5900DA99B4 /* Installer package */ = {
			isa = PBXAggregateTarget;
			buildConfigurationList = BCE5F8B50C5B7EA000DA99B4 /* Build configuration list for PBXAggregateTarget "Installer package" */;
			buildPhases = (
				BCE5F8AF0C5B7E5900DA99B4 /* Run "Package.sh" from buildtools */,
			);
			dependencies = (
				BCE5F8B40C5B7E5D00DA99B4 /* PBXTargetDependency */,
			);
			name = "Installer package";
			productName = "Installer package";
		};
/* End PBXAggregateTarget section */

/* Begin PBXBuildFile section */
		8DD76F9A0486AA7600D96B5E /* wincent-icon-util.m in Sources */ = {isa = PBXBuildFile; fileRef = 08FB7796FE84155DC02AAC07 /* wincent-icon-util.m */; settings = {ATTRIBUTES = (); }; };
		8DD76F9C0486AA7600D96B5E /* Foundation.framework in Frameworks */ = {isa = PBXBuildFile; fileRef = 08FB779EFE84155DC02AAC07 /* Foundation.framework */; };
		BC935B060C593C4C0017530E /* Carbon.framework in Frameworks */ = {isa = PBXBuildFile; fileRef = BC935B050C593C4C0017530E /* Carbon.framework */; };
/* End PBXBuildFile section */

/* Begin PBXContainerItemProxy section */
		BC479CAD104961AD00092001 /* PBXContainerItemProxy */ = {
			isa = PBXContainerItemProxy;
			containerPortal = 08FB7793FE84155DC02AAC07 /* Project object */;
			proxyType = 1;
			remoteGlobalIDString = BCE5F8B00C5B7E5900DA99B4;
			remoteInfo = "Installer package";
		};
		BCE5F8B30C5B7E5D00DA99B4 /* PBXContainerItemProxy */ = {
			isa = PBXContainerItemProxy;
			containerPortal = 08FB7793FE84155DC02AAC07 /* Project object */;
			proxyType = 1;
			remoteGlobalIDString = 8DD76F960486AA7600D96B5E;
			remoteInfo = "wincent-icon-util";
		};
/* End PBXContainerItemProxy section */

/* Begin PBXFileReference section */
		08FB7796FE84155DC02AAC07 /* wincent-icon-util.m */ = {isa = PBXFileReference; fileEncoding = 4; lastKnownFileType = sourcecode.c.objc; path = "wincent-icon-util.m"; sourceTree = "<group>"; };
		08FB779EFE84155DC02AAC07 /* Foundation.framework */ = {isa = PBXFileReference; lastKnownFileType = wrapper.framework; name = Foundation.framework; path = /System/Library/Frameworks/Foundation.framework; sourceTree = "<absolute>"; };
		8DD76FA10486AA7600D96B5E /* wincent-icon-util */ = {isa = PBXFileReference; explicitFileType = "compiled.mach-o.executable"; includeInIndex = 0; path = "wincent-icon-util"; sourceTree = BUILT_PRODUCTS_DIR; };
		BC47976B1047E7C800092001 /* buildtools */ = {isa = PBXFileReference; lastKnownFileType = folder; path = buildtools; sourceTree = "<group>"; };
		BC47989B1047E8D000092001 /* Package.sh */ = {isa = PBXFileReference; fileEncoding = 4; lastKnownFileType = text.script.sh; name = Package.sh; path = buildtools/Package.sh; sourceTree = "<group>"; };
		BC4798A21047E92900092001 /* LICENSE.rtf */ = {isa = PBXFileReference; lastKnownFileType = text.rtf; path = LICENSE.rtf; sourceTree = "<group>"; };
		BC4798A31047E92900092001 /* LICENSE.txt */ = {isa = PBXFileReference; fileEncoding = 4; lastKnownFileType = text; path = LICENSE.txt; sourceTree = "<group>"; };
		BC4798AB1047E96600092001 /* 01wincent-contents.xml */ = {isa = PBXFileReference; fileEncoding = 4; lastKnownFileType = text.xml; path = "01wincent-contents.xml"; sourceTree = "<group>"; };
		BC4798AC1047E96600092001 /* 01wincent.xml */ = {isa = PBXFileReference; fileEncoding = 4; lastKnownFileType = text.xml; path = 01wincent.xml; sourceTree = "<group>"; };
		BC4798AD1047E96600092001 /* 02wincent-contents.xml */ = {isa = PBXFileReference; fileEncoding = 4; lastKnownFileType = text.xml; path = "02wincent-contents.xml"; sourceTree = "<group>"; };
		BC4798AE1047E96600092001 /* 02wincent.xml */ = {isa = PBXFileReference; fileEncoding = 4; lastKnownFileType = text.xml; path = 02wincent.xml; sourceTree = "<group>"; };
		BC4798AF1047E96600092001 /* index.xml */ = {isa = PBXFileReference; fileEncoding = 4; lastKnownFileType = text.xml; path = index.xml; sourceTree = "<group>"; };
		BC4798B01047E96600092001 /* installer-background-logo.pdf */ = {isa = PBXFileReference; lastKnownFileType = image.pdf; path = "installer-background-logo.pdf"; sourceTree = "<group>"; };
		BC479CA71049617300092001 /* distro.sh */ = {isa = PBXFileReference; fileEncoding = 4; lastKnownFileType = text.script.sh; path = distro.sh; sourceTree = "<group>"; };
		BC479CA81049617300092001 /* tag-release.sh */ = {isa = PBXFileReference; fileEncoding = 4; lastKnownFileType = text.script.sh; path = "tag-release.sh"; sourceTree = "<group>"; };
		BC935B050C593C4C0017530E /* Carbon.framework */ = {isa = PBXFileReference; lastKnownFileType = wrapper.framework; name = Carbon.framework; path = /System/Library/Frameworks/Carbon.framework; sourceTree = "<absolute>"; };
		BC935B1C0C593E110017530E /* base-style.xcconfig */ = {isa = PBXFileReference; fileEncoding = 4; lastKnownFileType = text.xcconfig; name = "base-style.xcconfig"; path = "buildtools/base-style.xcconfig"; sourceTree = "<group>"; };
		BC935B1D0C593E110017530E /* debug-style.xcconfig */ = {isa = PBXFileReference; fileEncoding = 4; lastKnownFileType = text.xcconfig; name = "debug-style.xcconfig"; path = "buildtools/debug-style.xcconfig"; sourceTree = "<group>"; };
		BC935B1E0C593E110017530E /* foundation-tool-target.xcconfig */ = {isa = PBXFileReference; fileEncoding = 4; lastKnownFileType = text.xcconfig; name = "foundation-tool-target.xcconfig"; path = "buildtools/foundation-tool-target.xcconfig"; sourceTree = "<group>"; };
		BC935B1F0C593E110017530E /* release-style.xcconfig */ = {isa = PBXFileReference; fileEncoding = 4; lastKnownFileType = text.xcconfig; name = "release-style.xcconfig"; path = "buildtools/release-style.xcconfig"; sourceTree = "<group>"; };
		C6859EA3029092ED04C91782 /* wincent-icon-util.1 */ = {isa = PBXFileReference; lastKnownFileType = text.man; path = "wincent-icon-util.1"; sourceTree = "<group>"; };
/* End PBXFileReference section */

/* Begin PBXFrameworksBuildPhase section */
		8DD76F9B0486AA7600D96B5E /* Frameworks */ = {
			isa = PBXFrameworksBuildPhase;
			buildActionMask = 2147483647;
			files = (
				8DD76F9C0486AA7600D96B5E /* Foundation.framework in Frameworks */,
				BC935B060C593C4C0017530E /* Carbon.framework in Frameworks */,
			);
			runOnlyForDeploymentPostprocessing = 0;
		};
/* End PBXFrameworksBuildPhase section */

/* Begin PBXGroup section */
		08FB7794FE84155DC02AAC07 /* wincent-icon-util */ = {
			isa = PBXGroup;
			children = (
				BC47976B1047E7C800092001 /* buildtools */,
				BC935B190C593DF70017530E /* buildtools */,
				08FB7795FE84155DC02AAC07 /* Source */,
				C6859EA2029092E104C91782 /* Documentation */,
				BC4798A41047E94E00092001 /* Installer package */,
				BC47997A1048A91700092001 /* Scripts */,
				08FB779DFE84155DC02AAC07 /* External Frameworks and Libraries */,
				1AB674ADFE9D54B511CA2CBB /* Products */,
			);
			name = "wincent-icon-util";
			sourceTree = "<group>";
		};
		08FB7795FE84155DC02AAC07 /* Source */ = {
			isa = PBXGroup;
			children = (
				08FB7796FE84155DC02AAC07 /* wincent-icon-util.m */,
			);
			name = Source;
			sourceTree = "<group>";
		};
		08FB779DFE84155DC02AAC07 /* External Frameworks and Libraries */ = {
			isa = PBXGroup;
			children = (
				BC935B050C593C4C0017530E /* Carbon.framework */,
				08FB779EFE84155DC02AAC07 /* Foundation.framework */,
			);
			name = "External Frameworks and Libraries";
			sourceTree = "<group>";
		};
		1AB674ADFE9D54B511CA2CBB /* Products */ = {
			isa = PBXGroup;
			children = (
				8DD76FA10486AA7600D96B5E /* wincent-icon-util */,
			);
			name = Products;
			sourceTree = "<group>";
		};
		BC4798A41047E94E00092001 /* Installer package */ = {
			isa = PBXGroup;
			children = (
				BC4798AA1047E96600092001 /* installation-package.pmdoc */,
				BC4798B01047E96600092001 /* installer-background-logo.pdf */,
			);
			name = "Installer package";
			sourceTree = "<group>";
		};
		BC4798AA1047E96600092001 /* installation-package.pmdoc */ = {
			isa = PBXGroup;
			children = (
				BC4798AB1047E96600092001 /* 01wincent-contents.xml */,
				BC4798AC1047E96600092001 /* 01wincent.xml */,
				BC4798AD1047E96600092001 /* 02wincent-contents.xml */,
				BC4798AE1047E96600092001 /* 02wincent.xml */,
				BC4798AF1047E96600092001 /* index.xml */,
			);
			path = "installation-package.pmdoc";
			sourceTree = "<group>";
		};
		BC47997A1048A91700092001 /* Scripts */ = {
			isa = PBXGroup;
			children = (
				BC479CA71049617300092001 /* distro.sh */,
				BC479CA81049617300092001 /* tag-release.sh */,
			);
			name = Scripts;
			sourceTree = "<group>";
		};
		BC935B190C593DF70017530E /* buildtools */ = {
			isa = PBXGroup;
			children = (
				BC935B1C0C593E110017530E /* base-style.xcconfig */,
				BC935B1D0C593E110017530E /* debug-style.xcconfig */,
				BC935B1E0C593E110017530E /* foundation-tool-target.xcconfig */,
				BC935B1F0C593E110017530E /* release-style.xcconfig */,
				BC47989B1047E8D000092001 /* Package.sh */,
			);
			name = buildtools;
			sourceTree = "<group>";
		};
		C6859EA2029092E104C91782 /* Documentation */ = {
			isa = PBXGroup;
			children = (
				BC4798A21047E92900092001 /* LICENSE.rtf */,
				BC4798A31047E92900092001 /* LICENSE.txt */,
				C6859EA3029092ED04C91782 /* wincent-icon-util.1 */,
			);
			name = Documentation;
			sourceTree = "<group>";
		};
/* End PBXGroup section */

/* Begin PBXNativeTarget section */
		8DD76F960486AA7600D96B5E /* wincent-icon-util */ = {
			isa = PBXNativeTarget;
			buildConfigurationList = 1DEB927408733DD40010E9CD /* Build configuration list for PBXNativeTarget "wincent-icon-util" */;
			buildPhases = (
				8DD76F990486AA7600D96B5E /* Sources */,
				8DD76F9B0486AA7600D96B5E /* Frameworks */,
			);
			buildRules = (
			);
			dependencies = (
			);
			name = "wincent-icon-util";
			productInstallPath = "$(HOME)/bin";
			productName = "wincent-icon-util";
			productReference = 8DD76FA10486AA7600D96B5E /* wincent-icon-util */;
			productType = "com.apple.product-type.tool";
		};
/* End PBXNativeTarget section */

/* Begin PBXProject section */
		08FB7793FE84155DC02AAC07 /* Project object */ = {
			isa = PBXProject;
			buildConfigurationList = 1DEB927808733DD40010E9CD /* Build configuration list for PBXProject "wincent-icon-util" */;
			compatibilityVersion = "Xcode 3.0";
			hasScannedForEncodings = 1;
			mainGroup = 08FB7794FE84155DC02AAC07 /* wincent-icon-util */;
			projectDirPath = "";
			projectRoot = "";
			targets = (
				8DD76F960486AA7600D96B5E /* wincent-icon-util */,
				BCE5F8B00C5B7E5900DA99B4 /* Installer package */,
				BC479CAA1049619C00092001 /* Distro */,
			);
		};
/* End PBXProject section */

/* Begin PBXShellScriptBuildPhase section */
		BC479CA91049619C00092001 /* Run "distro.sh" script */ = {
			isa = PBXShellScriptBuildPhase;
			buildActionMask = 2147483647;
			files = (
			);
			inputPaths = (
			);
			name = "Run \"distro.sh\" script";
			outputPaths = (
			);
			runOnlyForDeploymentPostprocessing = 0;
			shellPath = /bin/sh;
			shellScript = ./distro.sh;
		};
		BCE5F8AF0C5B7E5900DA99B4 /* Run "Package.sh" from buildtools */ = {
			isa = PBXShellScriptBuildPhase;
			buildActionMask = 2147483647;
			files = (
			);
			inputPaths = (
			);
			name = "Run \"Package.sh\" from buildtools";
			outputPaths = (
			);
			runOnlyForDeploymentPostprocessing = 0;
			shellPath = /bin/sh;
			shellScript = "# no package name specified here, so defaults to PRODUCT_NAME\n# could override this here if I wanted to incorporate the version number\n# or build from the commandline using xcodebuild and passing in an override for PRODUCT_NAME\n\"${BUILDTOOLS_DIR}/Package.sh\"\n";
		};
/* End PBXShellScriptBuildPhase section */

/* Begin PBXSourcesBuildPhase section */
		8DD76F990486AA7600D96B5E /* Sources */ = {
			isa = PBXSourcesBuildPhase;
			buildActionMask = 2147483647;
			files = (
				8DD76F9A0486AA7600D96B5E /* wincent-icon-util.m in Sources */,
			);
			runOnlyForDeploymentPostprocessing = 0;
		};
/* End PBXSourcesBuildPhase section */

/* Begin PBXTargetDependency section */
		BC479CAE104961AD00092001 /* PBXTargetDependency */ = {
			isa = PBXTargetDependency;
			target = BCE5F8B00C5B7E5900DA99B4 /* Installer package */;
			targetProxy = BC479CAD104961AD00092001 /* PBXContainerItemProxy */;
		};
		BCE5F8B40C5B7E5D00DA99B4 /* PBXTargetDependency */ = {
			isa = PBXTargetDependency;
			target = 8DD76F960486AA7600D96B5E /* wincent-icon-util */;
			targetProxy = BCE5F8B30C5B7E5D00DA99B4 /* PBXContainerItemProxy */;
		};
/* End PBXTargetDependency section */

/* Begin XCBuildConfiguration section */
		1DEB927508733DD40010E9CD /* Debug */ = {
			isa = XCBuildConfiguration;
			baseConfigurationReference = BC935B1E0C593E110017530E /* foundation-tool-target.xcconfig */;
			buildSettings = {
				PRODUCT_NAME = "wincent-icon-util";
			};
			name = Debug;
		};
		1DEB927608733DD40010E9CD /* Release */ = {
			isa = XCBuildConfiguration;
			baseConfigurationReference = BC935B1E0C593E110017530E /* foundation-tool-target.xcconfig */;
			buildSettings = {
				PRODUCT_NAME = "wincent-icon-util";
			};
			name = Release;
		};
		1DEB927908733DD40010E9CD /* Debug */ = {
			isa = XCBuildConfiguration;
			baseConfigurationReference = BC935B1D0C593E110017530E /* debug-style.xcconfig */;
			buildSettings = {
			};
			name = Debug;
		};
		1DEB927A08733DD40010E9CD /* Release */ = {
			isa = XCBuildConfiguration;
			baseConfigurationReference = BC935B1F0C593E110017530E /* release-style.xcconfig */;
			buildSettings = {
			};
			name = Release;
		};
		BC479CAB1049619C00092001 /* Debug */ = {
			isa = XCBuildConfiguration;
			buildSettings = {
				PRODUCT_NAME = Distro;
			};
			name = Debug;
		};
		BC479CAC1049619C00092001 /* Release */ = {
			isa = XCBuildConfiguration;
			buildSettings = {
				PRODUCT_NAME = Distro;
			};
			name = Release;
		};
		BCE5F8B10C5B7E5900DA99B4 /* Debug */ = {
			isa = XCBuildConfiguration;
			buildSettings = {
				PRODUCT_NAME = WincentIconUtility;
			};
			name = Debug;
		};
		BCE5F8B20C5B7E5900DA99B4 /* Release */ = {
			isa = XCBuildConfiguration;
			buildSettings = {
				PRODUCT_NAME = WincentIconUtility;
			};
			name = Release;
		};
/* End XCBuildConfiguration section */

/* Begin XCConfigurationList section */
		1DEB927408733DD40010E9CD /* Build configuration list for PBXNativeTarget "wincent-icon-util" */ = {
			isa = XCConfigurationList;
			buildConfigurations = (
				1DEB927508733DD40010E9CD /* Debug */,
				1DEB927608733DD40010E9CD /* Release */,
			);
			defaultConfigurationIsVisible = 0;
			defaultConfigurationName = Release;
		};
		1DEB927808733DD40010E9CD /* Build configuration list for PBXProject "wincent-icon-util" */ = {
			isa = XCConfigurationList;
			buildConfigurations = (
				1DEB927908733DD40010E9CD /* Debug */,
				1DEB927A08733DD40010E9CD /* Release */,
			);
			defaultConfigurationIsVisible = 0;
			defaultConfigurationName = Release;
		};
		BC479CB3104961BA00092001 /* Build configuration list for PBXAggregateTarget "Distro" */ = {
			isa = XCConfigurationList;
			buildConfigurations = (
				BC479CAB1049619C00092001 /* Debug */,
				BC479CAC1049619C00092001 /* Release */,
			);
			defaultConfigurationIsVisible = 0;
			defaultConfigurationName = Release;
		};
		BCE5F8B50C5B7EA000DA99B4 /* Build configuration list for PBXAggregateTarget "Installer package" */ = {
			isa = XCConfigurationList;
			buildConfigurations = (
				BCE5F8B10C5B7E5900DA99B4 /* Debug */,
				BCE5F8B20C5B7E5900DA99B4 /* Release */,
			);
			defaultConfigurationIsVisible = 0;
			defaultConfigurationName = Release;
		};
/* End XCConfigurationList section */
	};
	rootObject = 08FB7793FE84155DC02AAC07 /* Project object */;
}
